// !$*UTF8*$!
{
	archiveVersion = 1;
	classes = {
	};
	objectVersion = 77;
	objects = {

/* Begin PBXBuildFile section */
		0149A5192E25431E6907671C /* OpenRouterProvider.swift in Sources */ = {isa = PBXBuildFile; fileRef = ACBEA0022FE2B4338974E591 /* OpenRouterProvider.swift */; };
		09616E7141296842E44F5F7A /* PrivacyInfo.xcprivacy in Resources */ = {isa = PBXBuildFile; fileRef = D3078FE5E9FC7D54D9B18267 /* PrivacyInfo.xcprivacy */; };
		103C5D0241F1F3854BD70B6E /* Localizable.strings in Resources */ = {isa = PBXBuildFile; fileRef = D0FA20717491EE64E9FDAE7F /* Localizable.strings */; };
		169227BC53021AA01ADF5AA0 /* Localizable.strings in Resources */ = {isa = PBXBuildFile; fileRef = C8BAA075D548E9B01C95C50C /* Localizable.strings */; };
		1DC1DBC0CAEBAE9F2B70EF74 /* Assets.xcassets in Resources */ = {isa = PBXBuildFile; fileRef = 148544529EF65F107A323578 /* Assets.xcassets */; };
		1EAC49D537841C9691F0A349 /* Localizable.strings in Resources */ = {isa = PBXBuildFile; fileRef = DEF32F24C33E91B249EDA5FA /* Localizable.strings */; };
		23089448A6F9AD92E2AF3CB0 /* ToolbarView.swift in Sources */ = {isa = PBXBuildFile; fileRef = AF61F6E03979C64CDDAE9BA4 /* ToolbarView.swift */; };
		270F97CA50A1FCA1594588C3 /* CredentialStore.swift in Sources */ = {isa = PBXBuildFile; fileRef = CA005DFD19F76418AAC9C595 /* CredentialStore.swift */; };
		2F95CA4AF0A448EEE5ACE8F1 /* OnboardingView.swift in Sources */ = {isa = PBXBuildFile; fileRef = E6E0FDBD9A5D9660BC529AB2 /* OnboardingView.swift */; };
		2FFD7F657753AD83CBDA9711 /* Localizable.strings in Resources */ = {isa = PBXBuildFile; fileRef = EF309E8F2FD223F7A0902EA9 /* Localizable.strings */; };
		31D404C6898BEECC9CDBD0BC /* Localizable.strings in Resources */ = {isa = PBXBuildFile; fileRef = 5A265B1CB38EF589AAE6EA37 /* Localizable.strings */; };
		33B8DF838CC8E30B91CA11D0 /* GeminiProvider.swift in Sources */ = {isa = PBXBuildFile; fileRef = 4A77B7BD74777B6745934F80 /* GeminiProvider.swift */; };
		39399668F8D2A68E2C90D021 /* AIProvider.swift in Sources */ = {isa = PBXBuildFile; fileRef = E4429600700EA0481935F48E /* AIProvider.swift */; };
		3BE72969717A0BDCF965AB27 /* KeychainStore.swift in Sources */ = {isa = PBXBuildFile; fileRef = F598E2FEA6D89521EC3E7764 /* KeychainStore.swift */; };
		3D5E3D1A3A73054FD743D919 /* Localizable.strings in Resources */ = {isa = PBXBuildFile; fileRef = FFB7D1E4A2A62771E7E871BF /* Localizable.strings */; };
		3DF0FCF5FA68732359812450 /* PrivacyInfo.xcprivacy in Resources */ = {isa = PBXBuildFile; fileRef = 1B3BDBDC2714DE93A91CF631 /* PrivacyInfo.xcprivacy */; };
		441B9E58278DE30C666D9F68 /* AppGroupStorage.swift in Sources */ = {isa = PBXBuildFile; fileRef = C263B584837F8740AAFEEA9E /* AppGroupStorage.swift */; };
		4991DC13590E151A49038A29 /* LanguageSelectionView.swift in Sources */ = {isa = PBXBuildFile; fileRef = 7CD73687E6A686F7E004B2FB /* LanguageSelectionView.swift */; };
		5120E1CDCB52DD16286722BF /* AIProvider.swift in Sources */ = {isa = PBXBuildFile; fileRef = E4429600700EA0481935F48E /* AIProvider.swift */; };
		5570B43FC0C52443FDAA01B8 /* Localizable.strings in Resources */ = {isa = PBXBuildFile; fileRef = E31E87EA0880A20B700CA5DE /* Localizable.strings */; };
		58108E65F810C6940C3145AC /* ApiKeyView.swift in Sources */ = {isa = PBXBuildFile; fileRef = A714A644D549C6B896808DDD /* ApiKeyView.swift */; };
		5FAC1F9297102364A2E16358 /* RewriteAction.swift in Sources */ = {isa = PBXBuildFile; fileRef = 01DFA86C9FFE001D68E40C52 /* RewriteAction.swift */; };
		628EBD817D6441F22B96C431 /* Configuration.swift in Sources */ = {isa = PBXBuildFile; fileRef = 79400FF888540EC3B4BAA3B0 /* Configuration.swift */; };
		6BD5A0180D308952153BEE1B /* TranslationService.swift in Sources */ = {isa = PBXBuildFile; fileRef = C0EC5BB3B9CFF6587069B9D0 /* TranslationService.swift */; };
		70F81A1FCCBA61A9C7E91889 /* Models.swift in Sources */ = {isa = PBXBuildFile; fileRef = 900DF980202C946D6B599F01 /* Models.swift */; };
		7541A178C9BCA1E0FEDEB007 /* Localizable.strings in Resources */ = {isa = PBXBuildFile; fileRef = EB087C899BA56C116E84E233 /* Localizable.strings */; };
		7A291A26FBA7498BF2C10BA3 /* AITranslateKeyboardApp.swift in Sources */ = {isa = PBXBuildFile; fileRef = 472966A37A5845747FD71D90 /* AITranslateKeyboardApp.swift */; };
		7C7B776065E04C9DC20818A9 /* OpenAIProvider.swift in Sources */ = {isa = PBXBuildFile; fileRef = 8F88C40B56C1FD7968BD6874 /* OpenAIProvider.swift */; };
		8233188AFB4C40203C67D193 /* Localizable.strings in Resources */ = {isa = PBXBuildFile; fileRef = A3C7AB1D21F62C5AE8F10113 /* Localizable.strings */; };
		88BB88E905C0528DA39671B1 /* Localizable.strings in Resources */ = {isa = PBXBuildFile; fileRef = 4499155DA7481A15BC1517A6 /* Localizable.strings */; };
		9024FDF5F51462DDE881B7DD /* Localizable.strings in Resources */ = {isa = PBXBuildFile; fileRef = A75B0380350902E079D77E49 /* Localizable.strings */; };
		9711C73C33FAE736AB986301 /* ClaudeProvider.swift in Sources */ = {isa = PBXBuildFile; fileRef = 01EC290A1B0B21A88A9D580A /* ClaudeProvider.swift */; };
		B23183E16F2228F47354D991 /* Models.swift in Sources */ = {isa = PBXBuildFile; fileRef = 900DF980202C946D6B599F01 /* Models.swift */; };
		B282B84F8B9F2C90807B2118 /* ClaudeProvider.swift in Sources */ = {isa = PBXBuildFile; fileRef = 01EC290A1B0B21A88A9D580A /* ClaudeProvider.swift */; };
		B92C851F4C62CB2C2C5BD6A9 /* AppGroupStorage.swift in Sources */ = {isa = PBXBuildFile; fileRef = C263B584837F8740AAFEEA9E /* AppGroupStorage.swift */; };
		BF2DEC73C258B3B6188894B3 /* KeyboardViewController.swift in Sources */ = {isa = PBXBuildFile; fileRef = 1A3021D3F96196B3F3B503D3 /* KeyboardViewController.swift */; };
		C006C18F8F45181EE4B271E5 /* OpenRouterProvider.swift in Sources */ = {isa = PBXBuildFile; fileRef = ACBEA0022FE2B4338974E591 /* OpenRouterProvider.swift */; };
		C16D643BE861994AE3E84940 /* CredentialStore.swift in Sources */ = {isa = PBXBuildFile; fileRef = CA005DFD19F76418AAC9C595 /* CredentialStore.swift */; };
		C462E369B3DCA31B241817B4 /* Configuration.swift in Sources */ = {isa = PBXBuildFile; fileRef = 79400FF888540EC3B4BAA3B0 /* Configuration.swift */; };
		C5BF793A1FBDCDCBECD7CBAB /* OpenAIProvider.swift in Sources */ = {isa = PBXBuildFile; fileRef = 8F88C40B56C1FD7968BD6874 /* OpenAIProvider.swift */; };
		CB7E2C88ABC81637F2B6D976 /* Localizable.strings in Resources */ = {isa = PBXBuildFile; fileRef = C2FF0EA91D0779EA3A9EB502 /* Localizable.strings */; };
		D3AC994AE2AED5AF0E5D4E36 /* AITranslateKeyboardExtension.appex in Embed Foundation Extensions */ = {isa = PBXBuildFile; fileRef = CB3A17DBE7EEE22E2F91B123 /* AITranslateKeyboardExtension.appex */; settings = {ATTRIBUTES = (RemoveHeadersOnCopy, ); }; };
		DA6C55D65BC4637116A68228 /* GeminiProvider.swift in Sources */ = {isa = PBXBuildFile; fileRef = 4A77B7BD74777B6745934F80 /* GeminiProvider.swift */; };
		DF6F12EA20F4A15D655BD00E /* AboutView.swift in Sources */ = {isa = PBXBuildFile; fileRef = B9018947EBABFDAD65F8865D /* AboutView.swift */; };
		E8DB86A93B1F5B8C43E99790 /* Localizable.strings in Resources */ = {isa = PBXBuildFile; fileRef = 1B1F6C3139BC3016BC633C32 /* Localizable.strings */; };
		E900DB1FF5574CE9892752F0 /* RewriteAction.swift in Sources */ = {isa = PBXBuildFile; fileRef = 01DFA86C9FFE001D68E40C52 /* RewriteAction.swift */; };
		F226444E0E7EAD7520E1739D /* SettingsView.swift in Sources */ = {isa = PBXBuildFile; fileRef = 68779465572FA00D02D77CFA /* SettingsView.swift */; };
		F571AA6C3102D1C5DAF782F0 /* Localizable.strings in Resources */ = {isa = PBXBuildFile; fileRef = 2C5C936B7D51CBD497C36AFF /* Localizable.strings */; };
		F79CEC7EF03C2BD24208453D /* KeyboardState.swift in Sources */ = {isa = PBXBuildFile; fileRef = 3A0DABECCD383B4928A1D956 /* KeyboardState.swift */; };
		F897E9DD17E319930BF2E82D /* Localizable.strings in Resources */ = {isa = PBXBuildFile; fileRef = BF425314E51927E53F4B7B5F /* Localizable.strings */; };
		FCAF1D188398C244061F9D30 /* Localizable.strings in Resources */ = {isa = PBXBuildFile; fileRef = A021352BEA614D1A2DE2DEDB /* Localizable.strings */; };
		FD2B8B74E7015E8316054DB0 /* Localizable.strings in Resources */ = {isa = PBXBuildFile; fileRef = 44C287346EC30F500716A10D /* Localizable.strings */; };
		FDED827BFD57B8BCC35CBC0E /* KeychainStore.swift in Sources */ = {isa = PBXBuildFile; fileRef = F598E2FEA6D89521EC3E7764 /* KeychainStore.swift */; };
		FEEA8F75F46566C664DA07AC /* Localizable.strings in Resources */ = {isa = PBXBuildFile; fileRef = 72ABD87571F13FEB3A75A800 /* Localizable.strings */; };
/* End PBXBuildFile section */

/* Begin PBXContainerItemProxy section */
		690FDC531F0E6D04F5687385 /* PBXContainerItemProxy */ = {
			isa = PBXContainerItemProxy;
			containerPortal = 42E33800579CD327E90FE28D /* Project object */;
			proxyType = 1;
			remoteGlobalIDString = 5ADFAB6208FC96CE8D817553;
			remoteInfo = AITranslateKeyboardExtension;
		};
/* End PBXContainerItemProxy section */

/* Begin PBXCopyFilesBuildPhase section */
		A9C53BA0AF0232E9462B8FFD /* Embed Foundation Extensions */ = {
			isa = PBXCopyFilesBuildPhase;
			buildActionMask = 2147483647;
			dstPath = "";
			dstSubfolderSpec = 13;
			files = (
				D3AC994AE2AED5AF0E5D4E36 /* AITranslateKeyboardExtension.appex in Embed Foundation Extensions */,
			);
			name = "Embed Foundation Extensions";
			runOnlyForDeploymentPostprocessing = 0;
		};
/* End PBXCopyFilesBuildPhase section */

/* Begin PBXFileReference section */
		01DFA86C9FFE001D68E40C52 /* RewriteAction.swift */ = {isa = PBXFileReference; lastKnownFileType = sourcecode.swift; path = RewriteAction.swift; sourceTree = "<group>"; };
		01EC290A1B0B21A88A9D580A /* ClaudeProvider.swift */ = {isa = PBXFileReference; lastKnownFileType = sourcecode.swift; path = ClaudeProvider.swift; sourceTree = "<group>"; };
		148544529EF65F107A323578 /* Assets.xcassets */ = {isa = PBXFileReference; lastKnownFileType = folder.assetcatalog; path = Assets.xcassets; sourceTree = "<group>"; };
		1A3021D3F96196B3F3B503D3 /* KeyboardViewController.swift */ = {isa = PBXFileReference; lastKnownFileType = sourcecode.swift; path = KeyboardViewController.swift; sourceTree = "<group>"; };
		1B1F6C3139BC3016BC633C32 /* Localizable.strings */ = {isa = PBXFileReference; lastKnownFileType = text.plist.strings; name = Localizable.strings; path = ko.lproj/Localizable.strings; sourceTree = "<group>"; };
		1B3BDBDC2714DE93A91CF631 /* PrivacyInfo.xcprivacy */ = {isa = PBXFileReference; path = PrivacyInfo.xcprivacy; sourceTree = "<group>"; };
		2C5C936B7D51CBD497C36AFF /* Localizable.strings */ = {isa = PBXFileReference; lastKnownFileType = text.plist.strings; name = Localizable.strings; path = "zh-Hans.lproj/Localizable.strings"; sourceTree = "<group>"; };
		3A0DABECCD383B4928A1D956 /* KeyboardState.swift */ = {isa = PBXFileReference; lastKnownFileType = sourcecode.swift; path = KeyboardState.swift; sourceTree = "<group>"; };
		4499155DA7481A15BC1517A6 /* Localizable.strings */ = {isa = PBXFileReference; lastKnownFileType = text.plist.strings; name = Localizable.strings; path = es.lproj/Localizable.strings; sourceTree = "<group>"; };
		44C287346EC30F500716A10D /* Localizable.strings */ = {isa = PBXFileReference; lastKnownFileType = text.plist.strings; name = Localizable.strings; path = es.lproj/Localizable.strings; sourceTree = "<group>"; };
		472966A37A5845747FD71D90 /* AITranslateKeyboardApp.swift */ = {isa = PBXFileReference; lastKnownFileType = sourcecode.swift; path = AITranslateKeyboardApp.swift; sourceTree = "<group>"; };
		4A77B7BD74777B6745934F80 /* GeminiProvider.swift */ = {isa = PBXFileReference; lastKnownFileType = sourcecode.swift; path = GeminiProvider.swift; sourceTree = "<group>"; };
		5A265B1CB38EF589AAE6EA37 /* Localizable.strings */ = {isa = PBXFileReference; lastKnownFileType = text.plist.strings; name = Localizable.strings; path = ja.lproj/Localizable.strings; sourceTree = "<group>"; };
		68779465572FA00D02D77CFA /* SettingsView.swift */ = {isa = PBXFileReference; lastKnownFileType = sourcecode.swift; path = SettingsView.swift; sourceTree = "<group>"; };
		6A7AA9E5AA7060D4C2A2FF1C /* AITranslateKeyboard.app */ = {isa = PBXFileReference; includeInIndex = 0; lastKnownFileType = wrapper.application; path = AITranslateKeyboard.app; sourceTree = BUILT_PRODUCTS_DIR; };
		6C79E21E1819E3AA9E4E0EE7 /* Info.plist */ = {isa = PBXFileReference; lastKnownFileType = text.plist; path = Info.plist; sourceTree = "<group>"; };
		72ABD87571F13FEB3A75A800 /* Localizable.strings */ = {isa = PBXFileReference; lastKnownFileType = text.plist.strings; name = Localizable.strings; path = "pt-BR.lproj/Localizable.strings"; sourceTree = "<group>"; };
		79400FF888540EC3B4BAA3B0 /* Configuration.swift */ = {isa = PBXFileReference; lastKnownFileType = sourcecode.swift; path = Configuration.swift; sourceTree = "<group>"; };
		7CD73687E6A686F7E004B2FB /* LanguageSelectionView.swift */ = {isa = PBXFileReference; lastKnownFileType = sourcecode.swift; path = LanguageSelectionView.swift; sourceTree = "<group>"; };
		8F88C40B56C1FD7968BD6874 /* OpenAIProvider.swift */ = {isa = PBXFileReference; lastKnownFileType = sourcecode.swift; path = OpenAIProvider.swift; sourceTree = "<group>"; };
		900DF980202C946D6B599F01 /* Models.swift */ = {isa = PBXFileReference; lastKnownFileType = sourcecode.swift; path = Models.swift; sourceTree = "<group>"; };
		A021352BEA614D1A2DE2DEDB /* Localizable.strings */ = {isa = PBXFileReference; lastKnownFileType = text.plist.strings; name = Localizable.strings; path = "pt-BR.lproj/Localizable.strings"; sourceTree = "<group>"; };
		A3C7AB1D21F62C5AE8F10113 /* Localizable.strings */ = {isa = PBXFileReference; lastKnownFileType = text.plist.strings; name = Localizable.strings; path = ar.lproj/Localizable.strings; sourceTree = "<group>"; };
		A714A644D549C6B896808DDD /* ApiKeyView.swift */ = {isa = PBXFileReference; lastKnownFileType = sourcecode.swift; path = ApiKeyView.swift; sourceTree = "<group>"; };
		A75B0380350902E079D77E49 /* Localizable.strings */ = {isa = PBXFileReference; lastKnownFileType = text.plist.strings; name = Localizable.strings; path = ar.lproj/Localizable.strings; sourceTree = "<group>"; };
		ACBEA0022FE2B4338974E591 /* OpenRouterProvider.swift */ = {isa = PBXFileReference; lastKnownFileType = sourcecode.swift; path = OpenRouterProvider.swift; sourceTree = "<group>"; };
		AF61F6E03979C64CDDAE9BA4 /* ToolbarView.swift */ = {isa = PBXFileReference; lastKnownFileType = sourcecode.swift; path = ToolbarView.swift; sourceTree = "<group>"; };
		B9018947EBABFDAD65F8865D /* AboutView.swift */ = {isa = PBXFileReference; lastKnownFileType = sourcecode.swift; path = AboutView.swift; sourceTree = "<group>"; };
		BF425314E51927E53F4B7B5F /* Localizable.strings */ = {isa = PBXFileReference; lastKnownFileType = text.plist.strings; name = Localizable.strings; path = fr.lproj/Localizable.strings; sourceTree = "<group>"; };
		C0EC5BB3B9CFF6587069B9D0 /* TranslationService.swift */ = {isa = PBXFileReference; lastKnownFileType = sourcecode.swift; path = TranslationService.swift; sourceTree = "<group>"; };
		C263B584837F8740AAFEEA9E /* AppGroupStorage.swift */ = {isa = PBXFileReference; lastKnownFileType = sourcecode.swift; path = AppGroupStorage.swift; sourceTree = "<group>"; };
		C2FF0EA91D0779EA3A9EB502 /* Localizable.strings */ = {isa = PBXFileReference; lastKnownFileType = text.plist.strings; name = Localizable.strings; path = it.lproj/Localizable.strings; sourceTree = "<group>"; };
		C8BAA075D548E9B01C95C50C /* Localizable.strings */ = {isa = PBXFileReference; lastKnownFileType = text.plist.strings; name = Localizable.strings; path = ja.lproj/Localizable.strings; sourceTree = "<group>"; };
		CA005DFD19F76418AAC9C595 /* CredentialStore.swift */ = {isa = PBXFileReference; lastKnownFileType = sourcecode.swift; path = CredentialStore.swift; sourceTree = "<group>"; };
		CB3A17DBE7EEE22E2F91B123 /* AITranslateKeyboardExtension.appex */ = {isa = PBXFileReference; includeInIndex = 0; lastKnownFileType = "wrapper.app-extension"; path = AITranslateKeyboardExtension.appex; sourceTree = BUILT_PRODUCTS_DIR; };
		CF46F08B3523494C579DFE18 /* AITranslateKeyboard.entitlements */ = {isa = PBXFileReference; lastKnownFileType = text.plist.entitlements; path = AITranslateKeyboard.entitlements; sourceTree = "<group>"; };
		D0FA20717491EE64E9FDAE7F /* Localizable.strings */ = {isa = PBXFileReference; lastKnownFileType = text.plist.strings; name = Localizable.strings; path = "zh-Hans.lproj/Localizable.strings"; sourceTree = "<group>"; };
		D3078FE5E9FC7D54D9B18267 /* PrivacyInfo.xcprivacy */ = {isa = PBXFileReference; path = PrivacyInfo.xcprivacy; sourceTree = "<group>"; };
		DEF32F24C33E91B249EDA5FA /* Localizable.strings */ = {isa = PBXFileReference; lastKnownFileType = text.plist.strings; name = Localizable.strings; path = de.lproj/Localizable.strings; sourceTree = "<group>"; };
		E31E87EA0880A20B700CA5DE /* Localizable.strings */ = {isa = PBXFileReference; lastKnownFileType = text.plist.strings; name = Localizable.strings; path = de.lproj/Localizable.strings; sourceTree = "<group>"; };
		E4429600700EA0481935F48E /* AIProvider.swift */ = {isa = PBXFileReference; lastKnownFileType = sourcecode.swift; path = AIProvider.swift; sourceTree = "<group>"; };
		E6E0FDBD9A5D9660BC529AB2 /* OnboardingView.swift */ = {isa = PBXFileReference; lastKnownFileType = sourcecode.swift; path = OnboardingView.swift; sourceTree = "<group>"; };
		EB087C899BA56C116E84E233 /* Localizable.strings */ = {isa = PBXFileReference; lastKnownFileType = text.plist.strings; name = Localizable.strings; path = fr.lproj/Localizable.strings; sourceTree = "<group>"; };
		ED94C6151650248393EB1C9B /* KeyboardExtension.entitlements */ = {isa = PBXFileReference; lastKnownFileType = text.plist.entitlements; path = KeyboardExtension.entitlements; sourceTree = "<group>"; };
		EF309E8F2FD223F7A0902EA9 /* Localizable.strings */ = {isa = PBXFileReference; lastKnownFileType = text.plist.strings; name = Localizable.strings; path = it.lproj/Localizable.strings; sourceTree = "<group>"; };
		F598E2FEA6D89521EC3E7764 /* KeychainStore.swift */ = {isa = PBXFileReference; lastKnownFileType = sourcecode.swift; path = KeychainStore.swift; sourceTree = "<group>"; };
		FFB7D1E4A2A62771E7E871BF /* Localizable.strings */ = {isa = PBXFileReference; lastKnownFileType = text.plist.strings; name = Localizable.strings; path = ko.lproj/Localizable.strings; sourceTree = "<group>"; };
/* End PBXFileReference section */

/* Begin PBXGroup section */
		0CC2D32AB136319E2DCFF031 /* Products */ = {
			isa = PBXGroup;
			children = (
				6A7AA9E5AA7060D4C2A2FF1C /* AITranslateKeyboard.app */,
				CB3A17DBE7EEE22E2F91B123 /* AITranslateKeyboardExtension.appex */,
			);
			name = Products;
			sourceTree = "<group>";
		};
		63E7109B0860CD447D644D2D = {
			isa = PBXGroup;
			children = (
				7B351D74956B8D2829226A4B /* AITranslateKeyboard */,
				E8F07E6BBA93F05CBEB62D56 /* KeyboardExtension */,
				C8E188A13622625BCB4DB909 /* Shared */,
				0CC2D32AB136319E2DCFF031 /* Products */,
			);
			sourceTree = "<group>";
		};
		7B351D74956B8D2829226A4B /* AITranslateKeyboard */ = {
			isa = PBXGroup;
			children = (
				B9018947EBABFDAD65F8865D /* AboutView.swift */,
				CF46F08B3523494C579DFE18 /* AITranslateKeyboard.entitlements */,
				472966A37A5845747FD71D90 /* AITranslateKeyboardApp.swift */,
				A714A644D549C6B896808DDD /* ApiKeyView.swift */,
				148544529EF65F107A323578 /* Assets.xcassets */,
				7CD73687E6A686F7E004B2FB /* LanguageSelectionView.swift */,
				A75B0380350902E079D77E49 /* Localizable.strings */,
				DEF32F24C33E91B249EDA5FA /* Localizable.strings */,
				4499155DA7481A15BC1517A6 /* Localizable.strings */,
				BF425314E51927E53F4B7B5F /* Localizable.strings */,
				EF309E8F2FD223F7A0902EA9 /* Localizable.strings */,
				5A265B1CB38EF589AAE6EA37 /* Localizable.strings */,
				1B1F6C3139BC3016BC633C32 /* Localizable.strings */,
				A021352BEA614D1A2DE2DEDB /* Localizable.strings */,
				D0FA20717491EE64E9FDAE7F /* Localizable.strings */,
				E6E0FDBD9A5D9660BC529AB2 /* OnboardingView.swift */,
				D3078FE5E9FC7D54D9B18267 /* PrivacyInfo.xcprivacy */,
				68779465572FA00D02D77CFA /* SettingsView.swift */,
			);
			path = AITranslateKeyboard;
			sourceTree = "<group>";
		};
		C8E188A13622625BCB4DB909 /* Shared */ = {
			isa = PBXGroup;
			children = (
				E4429600700EA0481935F48E /* AIProvider.swift */,
				C263B584837F8740AAFEEA9E /* AppGroupStorage.swift */,
				01EC290A1B0B21A88A9D580A /* ClaudeProvider.swift */,
				79400FF888540EC3B4BAA3B0 /* Configuration.swift */,
				CA005DFD19F76418AAC9C595 /* CredentialStore.swift */,
				4A77B7BD74777B6745934F80 /* GeminiProvider.swift */,
				F598E2FEA6D89521EC3E7764 /* KeychainStore.swift */,
				900DF980202C946D6B599F01 /* Models.swift */,
				8F88C40B56C1FD7968BD6874 /* OpenAIProvider.swift */,
				ACBEA0022FE2B4338974E591 /* OpenRouterProvider.swift */,
				01DFA86C9FFE001D68E40C52 /* RewriteAction.swift */,
			);
			path = Shared;
			sourceTree = "<group>";
		};
		E8F07E6BBA93F05CBEB62D56 /* KeyboardExtension */ = {
			isa = PBXGroup;
			children = (
				6C79E21E1819E3AA9E4E0EE7 /* Info.plist */,
				ED94C6151650248393EB1C9B /* KeyboardExtension.entitlements */,
				3A0DABECCD383B4928A1D956 /* KeyboardState.swift */,
				1A3021D3F96196B3F3B503D3 /* KeyboardViewController.swift */,
				A3C7AB1D21F62C5AE8F10113 /* Localizable.strings */,
				E31E87EA0880A20B700CA5DE /* Localizable.strings */,
				44C287346EC30F500716A10D /* Localizable.strings */,
				EB087C899BA56C116E84E233 /* Localizable.strings */,
				C2FF0EA91D0779EA3A9EB502 /* Localizable.strings */,
				C8BAA075D548E9B01C95C50C /* Localizable.strings */,
				FFB7D1E4A2A62771E7E871BF /* Localizable.strings */,
				72ABD87571F13FEB3A75A800 /* Localizable.strings */,
				2C5C936B7D51CBD497C36AFF /* Localizable.strings */,
				1B3BDBDC2714DE93A91CF631 /* PrivacyInfo.xcprivacy */,
				AF61F6E03979C64CDDAE9BA4 /* ToolbarView.swift */,
				C0EC5BB3B9CFF6587069B9D0 /* TranslationService.swift */,
			);
			path = KeyboardExtension;
			sourceTree = "<group>";
		};
/* End PBXGroup section */

/* Begin PBXNativeTarget section */
		4D726258F7CB5C84DFE27469 /* AITranslateKeyboard */ = {
			isa = PBXNativeTarget;
			buildConfigurationList = CD824C9713EEE4D848479C7A /* Build configuration list for PBXNativeTarget "AITranslateKeyboard" */;
			buildPhases = (
				D46B5A0B16CAA74087ACBAF2 /* Sources */,
				D649A059E8ED2E9585B9405F /* Resources */,
				A9C53BA0AF0232E9462B8FFD /* Embed Foundation Extensions */,
			);
			buildRules = (
			);
			dependencies = (
				40006DF7F575592DE268FBF0 /* PBXTargetDependency */,
			);
			name = AITranslateKeyboard;
			packageProductDependencies = (
			);
			productName = AITranslateKeyboard;
			productReference = 6A7AA9E5AA7060D4C2A2FF1C /* AITranslateKeyboard.app */;
			productType = "com.apple.product-type.application";
		};
		5ADFAB6208FC96CE8D817553 /* AITranslateKeyboardExtension */ = {
			isa = PBXNativeTarget;
			buildConfigurationList = 8265338D8D16B2D21CFB2717 /* Build configuration list for PBXNativeTarget "AITranslateKeyboardExtension" */;
			buildPhases = (
				A67B147FA6811EAE4BC45172 /* Sources */,
				96F6EBBEDDC0DEC7411E4815 /* Resources */,
			);
			buildRules = (
			);
			dependencies = (
			);
			name = AITranslateKeyboardExtension;
			packageProductDependencies = (
			);
			productName = AITranslateKeyboardExtension;
			productReference = CB3A17DBE7EEE22E2F91B123 /* AITranslateKeyboardExtension.appex */;
			productType = "com.apple.product-type.app-extension";
		};
/* End PBXNativeTarget section */

/* Begin PBXProject section */
		42E33800579CD327E90FE28D /* Project object */ = {
			isa = PBXProject;
			attributes = {
				BuildIndependentTargetsInParallel = YES;
				LastUpgradeCheck = 1430;
				TargetAttributes = {
					4D726258F7CB5C84DFE27469 = {
						DevelopmentTeam = 32BK2Y9JL3;
						ProvisioningStyle = Automatic;
					};
					5ADFAB6208FC96CE8D817553 = {
						DevelopmentTeam = 32BK2Y9JL3;
						ProvisioningStyle = Automatic;
					};
				};
			};
			buildConfigurationList = 97AFFC3BEA279044D07D0AC0 /* Build configuration list for PBXProject "AITranslateKeyboard" */;
			developmentRegion = en;
			hasScannedForEncodings = 0;
			knownRegions = (
				Base,
				ar,
				de,
				en,
				es,
				fr,
				it,
				ja,
				ko,
				"pt-BR",
				"zh-Hans",
			);
			mainGroup = 63E7109B0860CD447D644D2D;
			minimizedProjectReferenceProxies = 1;
			preferredProjectObjectVersion = 77;
			productRefGroup = 0CC2D32AB136319E2DCFF031 /* Products */;
			projectDirPath = "";
			projectRoot = "";
			targets = (
				4D726258F7CB5C84DFE27469 /* AITranslateKeyboard */,
				5ADFAB6208FC96CE8D817553 /* AITranslateKeyboardExtension */,
			);
		};
/* End PBXProject section */

/* Begin PBXResourcesBuildPhase section */
		96F6EBBEDDC0DEC7411E4815 /* Resources */ = {
			isa = PBXResourcesBuildPhase;
			buildActionMask = 2147483647;
			files = (
				5570B43FC0C52443FDAA01B8 /* Localizable.strings in Resources */,
				8233188AFB4C40203C67D193 /* Localizable.strings in Resources */,
				F571AA6C3102D1C5DAF782F0 /* Localizable.strings in Resources */,
				169227BC53021AA01ADF5AA0 /* Localizable.strings in Resources */,
				FD2B8B74E7015E8316054DB0 /* Localizable.strings in Resources */,
				CB7E2C88ABC81637F2B6D976 /* Localizable.strings in Resources */,
				3D5E3D1A3A73054FD743D919 /* Localizable.strings in Resources */,
				FEEA8F75F46566C664DA07AC /* Localizable.strings in Resources */,
				7541A178C9BCA1E0FEDEB007 /* Localizable.strings in Resources */,
				3DF0FCF5FA68732359812450 /* PrivacyInfo.xcprivacy in Resources */,
			);
			runOnlyForDeploymentPostprocessing = 0;
		};
		D649A059E8ED2E9585B9405F /* Resources */ = {
			isa = PBXResourcesBuildPhase;
			buildActionMask = 2147483647;
			files = (
				1DC1DBC0CAEBAE9F2B70EF74 /* Assets.xcassets in Resources */,
				1EAC49D537841C9691F0A349 /* Localizable.strings in Resources */,
				9024FDF5F51462DDE881B7DD /* Localizable.strings in Resources */,
				103C5D0241F1F3854BD70B6E /* Localizable.strings in Resources */,
				31D404C6898BEECC9CDBD0BC /* Localizable.strings in Resources */,
				88BB88E905C0528DA39671B1 /* Localizable.strings in Resources */,
				2FFD7F657753AD83CBDA9711 /* Localizable.strings in Resources */,
				E8DB86A93B1F5B8C43E99790 /* Localizable.strings in Resources */,
				FCAF1D188398C244061F9D30 /* Localizable.strings in Resources */,
				F897E9DD17E319930BF2E82D /* Localizable.strings in Resources */,
				09616E7141296842E44F5F7A /* PrivacyInfo.xcprivacy in Resources */,
			);
			runOnlyForDeploymentPostprocessing = 0;
		};
/* End PBXResourcesBuildPhase section */

/* Begin PBXSourcesBuildPhase section */
		A67B147FA6811EAE4BC45172 /* Sources */ = {
			isa = PBXSourcesBuildPhase;
			buildActionMask = 2147483647;
			files = (
				39399668F8D2A68E2C90D021 /* AIProvider.swift in Sources */,
				B92C851F4C62CB2C2C5BD6A9 /* AppGroupStorage.swift in Sources */,
				B282B84F8B9F2C90807B2118 /* ClaudeProvider.swift in Sources */,
				628EBD817D6441F22B96C431 /* Configuration.swift in Sources */,
				C16D643BE861994AE3E84940 /* CredentialStore.swift in Sources */,
				33B8DF838CC8E30B91CA11D0 /* GeminiProvider.swift in Sources */,
				F79CEC7EF03C2BD24208453D /* KeyboardState.swift in Sources */,
				BF2DEC73C258B3B6188894B3 /* KeyboardViewController.swift in Sources */,
				FDED827BFD57B8BCC35CBC0E /* KeychainStore.swift in Sources */,
				70F81A1FCCBA61A9C7E91889 /* Models.swift in Sources */,
				C5BF793A1FBDCDCBECD7CBAB /* OpenAIProvider.swift in Sources */,
				C006C18F8F45181EE4B271E5 /* OpenRouterProvider.swift in Sources */,
				5FAC1F9297102364A2E16358 /* RewriteAction.swift in Sources */,
				23089448A6F9AD92E2AF3CB0 /* ToolbarView.swift in Sources */,
				6BD5A0180D308952153BEE1B /* TranslationService.swift in Sources */,
			);
			runOnlyForDeploymentPostprocessing = 0;
		};
		D46B5A0B16CAA74087ACBAF2 /* Sources */ = {
			isa = PBXSourcesBuildPhase;
			buildActionMask = 2147483647;
			files = (
				5120E1CDCB52DD16286722BF /* AIProvider.swift in Sources */,
				7A291A26FBA7498BF2C10BA3 /* AITranslateKeyboardApp.swift in Sources */,
				DF6F12EA20F4A15D655BD00E /* AboutView.swift in Sources */,
				58108E65F810C6940C3145AC /* ApiKeyView.swift in Sources */,
				441B9E58278DE30C666D9F68 /* AppGroupStorage.swift in Sources */,
				9711C73C33FAE736AB986301 /* ClaudeProvider.swift in Sources */,
				C462E369B3DCA31B241817B4 /* Configuration.swift in Sources */,
				270F97CA50A1FCA1594588C3 /* CredentialStore.swift in Sources */,
				DA6C55D65BC4637116A68228 /* GeminiProvider.swift in Sources */,
				3BE72969717A0BDCF965AB27 /* KeychainStore.swift in Sources */,
				4991DC13590E151A49038A29 /* LanguageSelectionView.swift in Sources */,
				B23183E16F2228F47354D991 /* Models.swift in Sources */,
				2F95CA4AF0A448EEE5ACE8F1 /* OnboardingView.swift in Sources */,
				7C7B776065E04C9DC20818A9 /* OpenAIProvider.swift in Sources */,
				0149A5192E25431E6907671C /* OpenRouterProvider.swift in Sources */,
				E900DB1FF5574CE9892752F0 /* RewriteAction.swift in Sources */,
				F226444E0E7EAD7520E1739D /* SettingsView.swift in Sources */,
			);
			runOnlyForDeploymentPostprocessing = 0;
		};
/* End PBXSourcesBuildPhase section */

/* Begin PBXTargetDependency section */
		40006DF7F575592DE268FBF0 /* PBXTargetDependency */ = {
			isa = PBXTargetDependency;
			target = 5ADFAB6208FC96CE8D817553 /* AITranslateKeyboardExtension */;
			targetProxy = 690FDC531F0E6D04F5687385 /* PBXContainerItemProxy */;
		};
/* End PBXTargetDependency section */

/* Begin XCBuildConfiguration section */
		08468DA9F4F9F410313D3295 /* Release */ = {
			isa = XCBuildConfiguration;
			buildSettings = {
				ALWAYS_SEARCH_USER_PATHS = NO;
				CLANG_ANALYZER_NONNULL = YES;
				CLANG_ANALYZER_NUMBER_OBJECT_CONVERSION = YES_AGGRESSIVE;
				CLANG_CXX_LANGUAGE_STANDARD = "gnu++14";
				CLANG_CXX_LIBRARY = "libc++";
				CLANG_ENABLE_MODULES = YES;
				CLANG_ENABLE_OBJC_ARC = YES;
				CLANG_ENABLE_OBJC_WEAK = YES;
				CLANG_WARN_BLOCK_CAPTURE_AUTORELEASING = YES;
				CLANG_WARN_BOOL_CONVERSION = YES;
				CLANG_WARN_COMMA = YES;
				CLANG_WARN_CONSTANT_CONVERSION = YES;
				CLANG_WARN_DEPRECATED_OBJC_IMPLEMENTATIONS = YES;
				CLANG_WARN_DIRECT_OBJC_ISA_USAGE = YES_ERROR;
				CLANG_WARN_DOCUMENTATION_COMMENTS = YES;
				CLANG_WARN_EMPTY_BODY = YES;
				CLANG_WARN_ENUM_CONVERSION = YES;
				CLANG_WARN_INFINITE_RECURSION = YES;
				CLANG_WARN_INT_CONVERSION = YES;
				CLANG_WARN_NON_LITERAL_NULL_CONVERSION = YES;
				CLANG_WARN_OBJC_IMPLICIT_RETAIN_SELF = YES;
				CLANG_WARN_OBJC_LITERAL_CONVERSION = YES;
				CLANG_WARN_OBJC_ROOT_CLASS = YES_ERROR;
				CLANG_WARN_QUOTED_INCLUDE_IN_FRAMEWORK_HEADER = YES;
				CLANG_WARN_RANGE_LOOP_ANALYSIS = YES;
				CLANG_WARN_STRICT_PROTOTYPES = YES;
				CLANG_WARN_SUSPICIOUS_MOVE = YES;
				CLANG_WARN_UNGUARDED_AVAILABILITY = YES_AGGRESSIVE;
				CLANG_WARN_UNREACHABLE_CODE = YES;
				CLANG_WARN__DUPLICATE_METHOD_MATCH = YES;
				CODE_SIGN_STYLE = Automatic;
				COPY_PHASE_STRIP = NO;
				CURRENT_PROJECT_VERSION = 14;
				DEBUG_INFORMATION_FORMAT = "dwarf-with-dsym";
				DEVELOPMENT_TEAM = 32BK2Y9JL3;
				ENABLE_NS_ASSERTIONS = NO;
				ENABLE_STRICT_OBJC_MSGSEND = YES;
				GCC_C_LANGUAGE_STANDARD = gnu11;
				GCC_NO_COMMON_BLOCKS = YES;
				GCC_WARN_64_TO_32_BIT_CONVERSION = YES;
				GCC_WARN_ABOUT_RETURN_TYPE = YES_ERROR;
				GCC_WARN_UNDECLARED_SELECTOR = YES;
				GCC_WARN_UNINITIALIZED_AUTOS = YES_AGGRESSIVE;
				GCC_WARN_UNUSED_FUNCTION = YES;
				GCC_WARN_UNUSED_VARIABLE = YES;
				IPHONEOS_DEPLOYMENT_TARGET = 18.0;
				MARKETING_VERSION = 1.0;
				MTL_ENABLE_DEBUG_INFO = NO;
				MTL_FAST_MATH = YES;
				PRODUCT_NAME = "$(TARGET_NAME)";
				SDKROOT = iphoneos;
				SWIFT_COMPILATION_MODE = wholemodule;
				SWIFT_OPTIMIZATION_LEVEL = "-O";
				SWIFT_VERSION = 6.0;
				TARGETED_DEVICE_FAMILY = 1;
			};
			name = Release;
		};
		2A7E3D8401A6F1AB9A02111A /* Debug */ = {
			isa = XCBuildConfiguration;
			buildSettings = {
				ALWAYS_SEARCH_USER_PATHS = NO;
				CLANG_ANALYZER_NONNULL = YES;
				CLANG_ANALYZER_NUMBER_OBJECT_CONVERSION = YES_AGGRESSIVE;
				CLANG_CXX_LANGUAGE_STANDARD = "gnu++14";
				CLANG_CXX_LIBRARY = "libc++";
				CLANG_ENABLE_MODULES = YES;
				CLANG_ENABLE_OBJC_ARC = YES;
				CLANG_ENABLE_OBJC_WEAK = YES;
				CLANG_WARN_BLOCK_CAPTURE_AUTORELEASING = YES;
				CLANG_WARN_BOOL_CONVERSION = YES;
				CLANG_WARN_COMMA = YES;
				CLANG_WARN_CONSTANT_CONVERSION = YES;
				CLANG_WARN_DEPRECATED_OBJC_IMPLEMENTATIONS = YES;
				CLANG_WARN_DIRECT_OBJC_ISA_USAGE = YES_ERROR;
				CLANG_WARN_DOCUMENTATION_COMMENTS = YES;
				CLANG_WARN_EMPTY_BODY = YES;
				CLANG_WARN_ENUM_CONVERSION = YES;
				CLANG_WARN_INFINITE_RECURSION = YES;
				CLANG_WARN_INT_CONVERSION = YES;
				CLANG_WARN_NON_LITERAL_NULL_CONVERSION = YES;
				CLANG_WARN_OBJC_IMPLICIT_RETAIN_SELF = YES;
				CLANG_WARN_OBJC_LITERAL_CONVERSION = YES;
				CLANG_WARN_OBJC_ROOT_CLASS = YES_ERROR;
				CLANG_WARN_QUOTED_INCLUDE_IN_FRAMEWORK_HEADER = YES;
				CLANG_WARN_RANGE_LOOP_ANALYSIS = YES;
				CLANG_WARN_STRICT_PROTOTYPES = YES;
				CLANG_WARN_SUSPICIOUS_MOVE = YES;
				CLANG_WARN_UNGUARDED_AVAILABILITY = YES_AGGRESSIVE;
				CLANG_WARN_UNREACHABLE_CODE = YES;
				CLANG_WARN__DUPLICATE_METHOD_MATCH = YES;
				CODE_SIGN_STYLE = Automatic;
				COPY_PHASE_STRIP = NO;
				CURRENT_PROJECT_VERSION = 14;
				DEBUG_INFORMATION_FORMAT = dwarf;
				DEVELOPMENT_TEAM = 32BK2Y9JL3;
				ENABLE_STRICT_OBJC_MSGSEND = YES;
				ENABLE_TESTABILITY = YES;
				GCC_C_LANGUAGE_STANDARD = gnu11;
				GCC_DYNAMIC_NO_PIC = NO;
				GCC_NO_COMMON_BLOCKS = YES;
				GCC_OPTIMIZATION_LEVEL = 0;
				GCC_PREPROCESSOR_DEFINITIONS = (
					"$(inherited)",
					"DEBUG=1",
				);
				GCC_WARN_64_TO_32_BIT_CONVERSION = YES;
				GCC_WARN_ABOUT_RETURN_TYPE = YES_ERROR;
				GCC_WARN_UNDECLARED_SELECTOR = YES;
				GCC_WARN_UNINITIALIZED_AUTOS = YES_AGGRESSIVE;
				GCC_WARN_UNUSED_FUNCTION = YES;
				GCC_WARN_UNUSED_VARIABLE = YES;
				IPHONEOS_DEPLOYMENT_TARGET = 18.0;
				MARKETING_VERSION = 1.0;
				MTL_ENABLE_DEBUG_INFO = INCLUDE_SOURCE;
				MTL_FAST_MATH = YES;
				ONLY_ACTIVE_ARCH = YES;
				PRODUCT_NAME = "$(TARGET_NAME)";
				SDKROOT = iphoneos;
				SWIFT_ACTIVE_COMPILATION_CONDITIONS = DEBUG;
				SWIFT_OPTIMIZATION_LEVEL = "-Onone";
				SWIFT_VERSION = 6.0;
				TARGETED_DEVICE_FAMILY = 1;
			};
			name = Debug;
		};
		319C95DAE4F7662F41284F21 /* Debug */ = {
			isa = XCBuildConfiguration;
			buildSettings = {
				ASSETCATALOG_COMPILER_APPICON_NAME = AppIcon;
				ASSETCATALOG_COMPILER_GLOBAL_ACCENT_COLOR_NAME = AccentColor;
				CODE_SIGN_ENTITLEMENTS = AITranslateKeyboard/AITranslateKeyboard.entitlements;
				CODE_SIGN_IDENTITY = "iPhone Developer";
				GENERATE_INFOPLIST_FILE = YES;
				INFOPLIST_KEY_CFBundleDisplayName = Keyglot;
				INFOPLIST_KEY_ITSAppUsesNonExemptEncryption = NO;
				INFOPLIST_KEY_UIApplicationSceneManifest_Generation = YES;
				INFOPLIST_KEY_UILaunchScreen_Generation = YES;
				INFOPLIST_KEY_UISupportedInterfaceOrientations_iPad = "UIInterfaceOrientationPortrait UIInterfaceOrientationPortraitUpsideDown UIInterfaceOrientationLandscapeLeft UIInterfaceOrientationLandscapeRight";
				INFOPLIST_KEY_UISupportedInterfaceOrientations_iPhone = "UIInterfaceOrientationPortrait UIInterfaceOrientationLandscapeLeft UIInterfaceOrientationLandscapeRight";
				LD_RUNPATH_SEARCH_PATHS = (
					"$(inherited)",
					"@executable_path/Frameworks",
				);
				PRODUCT_BUNDLE_IDENTIFIER = com.smartapibox.keyglot;
				SDKROOT = iphoneos;
				TARGETED_DEVICE_FAMILY = "1,2";
			};
			name = Debug;
		};
		447871F9E45A18207D3B0596 /* Debug */ = {
			isa = XCBuildConfiguration;
			buildSettings = {
				CODE_SIGN_ENTITLEMENTS = KeyboardExtension/KeyboardExtension.entitlements;
				GENERATE_INFOPLIST_FILE = NO;
				INFOPLIST_FILE = KeyboardExtension/Info.plist;
				LD_RUNPATH_SEARCH_PATHS = (
					"$(inherited)",
					"@executable_path/Frameworks",
					"@executable_path/../../Frameworks",
				);
				PRODUCT_BUNDLE_IDENTIFIER = com.smartapibox.keyglot.keyboard;
				SDKROOT = iphoneos;
				TARGETED_DEVICE_FAMILY = "1,2";
			};
			name = Debug;
		};
		89C1075D92F68EF8D213F192 /* Release */ = {
			isa = XCBuildConfiguration;
			buildSettings = {
				ASSETCATALOG_COMPILER_APPICON_NAME = AppIcon;
				ASSETCATALOG_COMPILER_GLOBAL_ACCENT_COLOR_NAME = AccentColor;
				CODE_SIGN_ENTITLEMENTS = AITranslateKeyboard/AITranslateKeyboard.entitlements;
				CODE_SIGN_IDENTITY = "iPhone Developer";
				GENERATE_INFOPLIST_FILE = YES;
				INFOPLIST_KEY_CFBundleDisplayName = Keyglot;
				INFOPLIST_KEY_ITSAppUsesNonExemptEncryption = NO;
				INFOPLIST_KEY_UIApplicationSceneManifest_Generation = YES;
				INFOPLIST_KEY_UILaunchScreen_Generation = YES;
				INFOPLIST_KEY_UISupportedInterfaceOrientations_iPad = "UIInterfaceOrientationPortrait UIInterfaceOrientationPortraitUpsideDown UIInterfaceOrientationLandscapeLeft UIInterfaceOrientationLandscapeRight";
				INFOPLIST_KEY_UISupportedInterfaceOrientations_iPhone = "UIInterfaceOrientationPortrait UIInterfaceOrientationLandscapeLeft UIInterfaceOrientationLandscapeRight";
				LD_RUNPATH_SEARCH_PATHS = (
					"$(inherited)",
					"@executable_path/Frameworks",
				);
				PRODUCT_BUNDLE_IDENTIFIER = com.smartapibox.keyglot;
				SDKROOT = iphoneos;
				TARGETED_DEVICE_FAMILY = "1,2";
			};
			name = Release;
		};
		DD613A6CEF328C59F1DF8ADC /* Release */ = {
			isa = XCBuildConfiguration;
			buildSettings = {
				CODE_SIGN_ENTITLEMENTS = KeyboardExtension/KeyboardExtension.entitlements;
				GENERATE_INFOPLIST_FILE = NO;
				INFOPLIST_FILE = KeyboardExtension/Info.plist;
				LD_RUNPATH_SEARCH_PATHS = (
					"$(inherited)",
					"@executable_path/Frameworks",
					"@executable_path/../../Frameworks",
				);
				PRODUCT_BUNDLE_IDENTIFIER = com.smartapibox.keyglot.keyboard;
				SDKROOT = iphoneos;
				TARGETED_DEVICE_FAMILY = "1,2";
			};
			name = Release;
		};
/* End XCBuildConfiguration section */

/* Begin XCConfigurationList section */
		8265338D8D16B2D21CFB2717 /* Build configuration list for PBXNativeTarget "AITranslateKeyboardExtension" */ = {
			isa = XCConfigurationList;
			buildConfigurations = (
				447871F9E45A18207D3B0596 /* Debug */,
				DD613A6CEF328C59F1DF8ADC /* Release */,
			);
			defaultConfigurationIsVisible = 0;
			defaultConfigurationName = Debug;
		};
		97AFFC3BEA279044D07D0AC0 /* Build configuration list for PBXProject "AITranslateKeyboard" */ = {
			isa = XCConfigurationList;
			buildConfigurations = (
				2A7E3D8401A6F1AB9A02111A /* Debug */,
				08468DA9F4F9F410313D3295 /* Release */,
			);
			defaultConfigurationIsVisible = 0;
			defaultConfigurationName = Debug;
		};
		CD824C9713EEE4D848479C7A /* Build configuration list for PBXNativeTarget "AITranslateKeyboard" */ = {
			isa = XCConfigurationList;
			buildConfigurations = (
				319C95DAE4F7662F41284F21 /* Debug */,
				89C1075D92F68EF8D213F192 /* Release */,
			);
			defaultConfigurationIsVisible = 0;
			defaultConfigurationName = Debug;
		};
/* End XCConfigurationList section */
	};
	rootObject = 42E33800579CD327E90FE28D /* Project object */;
}
